
Microsoft Visual Studio Solution File, Format Version 12.00
# Visual Studio Version 17
VisualStudioVersion = 17.5.33414.496
MinimumVisualStudioVersion = 10.0.40219.1
Project("{9A19103F-16F7-4668-BE54-9A1E7A4F7556}") = "HelloWorld", "HelloWorld.csproj", "{31FC2BCB-420A-4C7D-8A72-DBFBD4218BCE}"
EndProject
Project("{9A19103F-16F7-4668-BE54-9A1E7A4F7556}") = "1-1 EX", "..\1-1 EX\1-1 EX.csproj", "{CADEA611-1B1D-471A-B037-803A14B4C080}"
EndProject
Project("{9A19103F-16F7-4668-BE54-9A1E7A4F7556}") = "1-2 EX", "..\1-2 EX\1-2 EX.csproj", "{AFA266A9-9881-46E2-A5BE-0627E29F82F3}"
EndProject
Project("{9A19103F-16F7-4668-BE54-9A1E7A4F7556}") = "1-3 EX", "..\1-3 EX\1-3 EX.csproj", "{4A42B8F5-03DA-460B-902C-E9A7B0985290}"
EndProject
Project("{9A19103F-16F7-4668-BE54-9A1E7A4F7556}") = "1-4 EX", "..\1-4 EX\1-4 EX.csproj", "{140555F9-78F4-478D-8259-623A142F7480}"
EndProject
Project("{9A19103F-16F7-4668-BE54-9A1E7A4F7556}") = "1-5 EX", "..\1-5 EX\1-5 EX.csproj", "{2A09EE1F-E64F-4950-ABA7-5ED299CC8FA4}"
EndProject
Project("{FAE04EC0-301F-11D3-BF4B-00C04F79EFBC}") = "1-6 EX", "..\1-6 EX\1-6 EX.csproj", "{B7DDF85D-B61E-4CC6-8006-071CA531F7DE}"
EndProject
Global
	GlobalSection(SolutionConfigurationPlatforms) = preSolution
		Debug|Any CPU = Debug|Any CPU
		Release|Any CPU = Release|Any CPU
	EndGlobalSection
	GlobalSection(ProjectConfigurationPlatforms) = postSolution
		{31FC2BCB-420A-4C7D-8A72-DBFBD4218BCE}.Debug|Any CPU.ActiveCfg = Debug|Any CPU
		{31FC2BCB-420A-4C7D-8A72-DBFBD4218BCE}.Debug|Any CPU.Build.0 = Debug|Any CPU
		{31FC2BCB-420A-4C7D-8A72-DBFBD4218BCE}.Release|Any CPU.ActiveCfg = Release|Any CPU
		{31FC2BCB-420A-4C7D-8A72-DBFBD4218BCE}.Release|Any CPU.Build.0 = Release|Any CPU
		{CADEA611-1B1D-471A-B037-803A14B4C080}.Debug|Any CPU.ActiveCfg = Debug|Any CPU
		{CADEA611-1B1D-471A-B037-803A14B4C080}.Debug|Any CPU.Build.0 = Debug|Any CPU
		{CADEA611-1B1D-471A-B037-803A14B4C080}.Release|Any CPU.ActiveCfg = Release|Any CPU
		{CADEA611-1B1D-471A-B037-803A14B4C080}.Release|Any CPU.Build.0 = Release|Any CPU
		{AFA266A9-9881-46E2-A5BE-0627E29F82F3}.Debug|Any CPU.ActiveCfg = Debug|Any CPU
		{AFA266A9-9881-46E2-A5BE-0627E29F82F3}.Debug|Any CPU.Build.0 = Debug|Any CPU
		{AFA266A9-9881-46E2-A5BE-0627E29F82F3}.Release|Any CPU.ActiveCfg = Release|Any CPU
		{AFA266A9-9881-46E2-A5BE-0627E29F82F3}.Release|Any CPU.Build.0 = Release|Any CPU
		{4A42B8F5-03DA-460B-902C-E9A7B0985290}.Debug|Any CPU.ActiveCfg = Debug|Any CPU
		{4A42B8F5-03DA-460B-902C-E9A7B0985290}.Debug|Any CPU.Build.0 = Debug|Any CPU
		{4A42B8F5-03DA-460B-902C-E9A7B0985290}.Release|Any CPU.ActiveCfg = Release|Any CPU
		{4A42B8F5-03DA-460B-902C-E9A7B0985290}.Release|Any CPU.Build.0 = Release|Any CPU
		{140555F9-78F4-478D-8259-623A142F7480}.Debug|Any CPU.ActiveCfg = Debug|Any CPU
		{140555F9-78F4-478D-8259-623A142F7480}.Debug|Any CPU.Build.0 = Debug|Any CPU
		{140555F9-78F4-478D-8259-623A142F7480}.Release|Any CPU.ActiveCfg = Release|Any CPU
		{140555F9-78F4-478D-8259-623A142F7480}.Release|Any CPU.Build.0 = Release|Any CPU
		{2A09EE1F-E64F-4950-ABA7-5ED299CC8FA4}.Debug|Any CPU.ActiveCfg = Debug|Any CPU
		{2A09EE1F-E64F-4950-ABA7-5ED299CC8FA4}.Debug|Any CPU.Build.0 = Debug|Any CPU
		{2A09EE1F-E64F-4950-ABA7-5ED299CC8FA4}.Release|Any CPU.ActiveCfg = Release|Any CPU
		{2A09EE1F-E64F-4950-ABA7-5ED299CC8FA4}.Release|Any CPU.Build.0 = Release|Any CPU
		{B7DDF85D-B61E-4CC6-8006-071CA531F7DE}.Debug|Any CPU.ActiveCfg = Debug|Any CPU
		{B7DDF85D-B61E-4CC6-8006-071CA531F7DE}.Debug|Any CPU.Build.0 = Debug|Any CPU
		{B7DDF85D-B61E-4CC6-8006-071CA531F7DE}.Release|Any CPU.ActiveCfg = Release|Any CPU
		{B7DDF85D-B61E-4CC6-8006-071CA531F7DE}.Release|Any CPU.Build.0 = Release|Any CPU
	EndGlobalSection
	GlobalSection(SolutionProperties) = preSolution
		HideSolutionNode = FALSE
	EndGlobalSection
	GlobalSection(ExtensibilityGlobals) = postSolution
		SolutionGuid = {7DB38FAF-5417-44A2-9AAD-575F048ABC0B}
	EndGlobalSection
EndGlobal
